
Microsoft Visual Studio Solution File, Format Version 12.00
# Visual Studio 15
VisualStudioVersion = 15.0.27130.2010
MinimumVisualStudioVersion = 10.0.40219.1
Project("{FAE04EC0-301F-11D3-BF4B-00C04F79EFBC}") = "TaskEmployee", "TaskEmployee\TaskEmployee.csproj", "{D39616EE-A283-4B95-982D-87C1CE0929DF}"
EndProject
Global
	GlobalSection(SolutionConfigurationPlatforms) = preSolution
		Debug|Any CPU = Debug|Any CPU
		Release|Any CPU = Release|Any CPU
	EndGlobalSection
	GlobalSection(ProjectConfigurationPlatforms) = postSolution
		{D39616EE-A283-4B95-982D-87C1CE0929DF}.Debug|Any CPU.ActiveCfg = Debug|Any CPU
		{D39616EE-A283-4B95-982D-87C1CE0929DF}.Debug|Any CPU.Build.0 = Debug|Any CPU
		{D39616EE-A283-4B95-982D-87C1CE0929DF}.Release|Any CPU.ActiveCfg = Release|Any CPU
		{D39616EE-A283-4B95-982D-87C1CE0929DF}.Release|Any CPU.Build.0 = Release|Any CPU
	EndGlobalSection
	GlobalSection(SolutionProperties) = preSolution
		HideSolutionNode = FALSE
	EndGlobalSection
	GlobalSection(ExtensibilityGlobals) = postSolution
		SolutionGuid = {7ED301A2-A958-49AA-B55B-5D2DCED813B7}
	EndGlobalSection
EndGlobal
